// !$*UTF8*$!
{
	archiveVersion = 1;
	classes = {
	};
	objectVersion = 48;
	objects = {

/* Begin PBXBuildFile section */
		E02F5BF55583C090B7CACF9E /* Pods_Todoey.framework in Frameworks */ = {isa = PBXBuildFile; fileRef = F4E7806FB151DAB53913C407 /* Pods_Todoey.framework */; };
		E08152EA1FE825CF00A826D7 /* AppDelegate.swift in Sources */ = {isa = PBXBuildFile; fileRef = E08152E91FE825CF00A826D7 /* AppDelegate.swift */; };
		E08152EC1FE825CF00A826D7 /* TodoListViewController.swift in Sources */ = {isa = PBXBuildFile; fileRef = E08152EB1FE825CF00A826D7 /* TodoListViewController.swift */; };
		E08152EF1FE825CF00A826D7 /* Main.storyboard in Resources */ = {isa = PBXBuildFile; fileRef = E08152ED1FE825CF00A826D7 /* Main.storyboard */; };
		E08152F11FE825CF00A826D7 /* Assets.xcassets in Resources */ = {isa = PBXBuildFile; fileRef = E08152F01FE825CF00A826D7 /* Assets.xcassets */; };
		E08152F41FE825CF00A826D7 /* LaunchScreen.storyboard in Resources */ = {isa = PBXBuildFile; fileRef = E08152F21FE825CF00A826D7 /* LaunchScreen.storyboard */; };
		E0C9F6E81FEABF8500E5C01B /* CategoryViewController.swift in Sources */ = {isa = PBXBuildFile; fileRef = E0C9F6E71FEABF8500E5C01B /* CategoryViewController.swift */; };
		E0C9F6EC1FEC017A00E5C01B /* Item.swift in Sources */ = {isa = PBXBuildFile; fileRef = E0C9F6EB1FEC017A00E5C01B /* Item.swift */; };
		E0C9F6EE1FEC018700E5C01B /* Category.swift in Sources */ = {isa = PBXBuildFile; fileRef = E0C9F6ED1FEC018700E5C01B /* Category.swift */; };
/* End PBXBuildFile section */

/* Begin PBXFileReference section */
		B9553B779CFE5E12D6B9F326 /* Pods-Todoey.release.xcconfig */ = {isa = PBXFileReference; includeInIndex = 1; lastKnownFileType = text.xcconfig; name = "Pods-Todoey.release.xcconfig"; path = "Pods/Target Support Files/Pods-Todoey/Pods-Todoey.release.xcconfig"; sourceTree = "<group>"; };
		E08152E61FE825CF00A826D7 /* Todoey.app */ = {isa = PBXFileReference; explicitFileType = wrapper.application; includeInIndex = 0; path = Todoey.app; sourceTree = BUILT_PRODUCTS_DIR; };
		E08152E91FE825CF00A826D7 /* AppDelegate.swift */ = {isa = PBXFileReference; lastKnownFileType = sourcecode.swift; path = AppDelegate.swift; sourceTree = "<group>"; };
		E08152EB1FE825CF00A826D7 /* TodoListViewController.swift */ = {isa = PBXFileReference; lastKnownFileType = sourcecode.swift; path = TodoListViewController.swift; sourceTree = "<group>"; };
		E08152EE1FE825CF00A826D7 /* Base */ = {isa = PBXFileReference; lastKnownFileType = file.storyboard; name = Base; path = Base.lproj/Main.storyboard; sourceTree = "<group>"; };
		E08152F01FE825CF00A826D7 /* Assets.xcassets */ = {isa = PBXFileReference; lastKnownFileType = folder.assetcatalog; path = Assets.xcassets; sourceTree = "<group>"; };
		E08152F31FE825CF00A826D7 /* Base */ = {isa = PBXFileReference; lastKnownFileType = file.storyboard; name = Base; path = Base.lproj/LaunchScreen.storyboard; sourceTree = "<group>"; };
		E08152F51FE825CF00A826D7 /* Info.plist */ = {isa = PBXFileReference; lastKnownFileType = text.plist.xml; path = Info.plist; sourceTree = "<group>"; };
		E0C9F6E71FEABF8500E5C01B /* CategoryViewController.swift */ = {isa = PBXFileReference; lastKnownFileType = sourcecode.swift; path = CategoryViewController.swift; sourceTree = "<group>"; };
		E0C9F6EB1FEC017A00E5C01B /* Item.swift */ = {isa = PBXFileReference; lastKnownFileType = sourcecode.swift; path = Item.swift; sourceTree = "<group>"; };
		E0C9F6ED1FEC018700E5C01B /* Category.swift */ = {isa = PBXFileReference; lastKnownFileType = sourcecode.swift; path = Category.swift; sourceTree = "<group>"; };
		E84EF5D07EC363698AC18638 /* Pods-Todoey.debug.xcconfig */ = {isa = PBXFileReference; includeInIndex = 1; lastKnownFileType = text.xcconfig; name = "Pods-Todoey.debug.xcconfig"; path = "Pods/Target Support Files/Pods-Todoey/Pods-Todoey.debug.xcconfig"; sourceTree = "<group>"; };
		F4E7806FB151DAB53913C407 /* Pods_Todoey.framework */ = {isa = PBXFileReference; explicitFileType = wrapper.framework; includeInIndex = 0; path = Pods_Todoey.framework; sourceTree = BUILT_PRODUCTS_DIR; };
/* End PBXFileReference section */

/* Begin PBXFrameworksBuildPhase section */
		E08152E31FE825CF00A826D7 /* Frameworks */ = {
			isa = PBXFrameworksBuildPhase;
			buildActionMask = 2147483647;
			files = (
				E02F5BF55583C090B7CACF9E /* Pods_Todoey.framework in Frameworks */,
			);
			runOnlyForDeploymentPostprocessing = 0;
		};
/* End PBXFrameworksBuildPhase section */

/* Begin PBXGroup section */
		5E128631C14B70661C3D961B /* Frameworks */ = {
			isa = PBXGroup;
			children = (
				F4E7806FB151DAB53913C407 /* Pods_Todoey.framework */,
			);
			name = Frameworks;
			sourceTree = "<group>";
		};
		A7F38D2DAC09D1E83F1C2C31 /* Pods */ = {
			isa = PBXGroup;
			children = (
				E84EF5D07EC363698AC18638 /* Pods-Todoey.debug.xcconfig */,
				B9553B779CFE5E12D6B9F326 /* Pods-Todoey.release.xcconfig */,
			);
			name = Pods;
			sourceTree = "<group>";
		};
		E08152DD1FE825CF00A826D7 = {
			isa = PBXGroup;
			children = (
				E08152E81FE825CF00A826D7 /* Todoey */,
				E08152E71FE825CF00A826D7 /* Products */,
				A7F38D2DAC09D1E83F1C2C31 /* Pods */,
				5E128631C14B70661C3D961B /* Frameworks */,
			);
			sourceTree = "<group>";
		};
		E08152E71FE825CF00A826D7 /* Products */ = {
			isa = PBXGroup;
			children = (
				E08152E61FE825CF00A826D7 /* Todoey.app */,
			);
			name = Products;
			sourceTree = "<group>";
		};
		E08152E81FE825CF00A826D7 /* Todoey */ = {
			isa = PBXGroup;
			children = (
				E08152E91FE825CF00A826D7 /* AppDelegate.swift */,
				E08152FF1FE8615500A826D7 /* Controllers */,
				E08153001FE8616100A826D7 /* View */,
				E08152FD1FE8613000A826D7 /* Supporting Files */,
				E08152F51FE825CF00A826D7 /* Info.plist */,
				E08152FE1FE8614A00A826D7 /* Data Model */,
			);
			path = Todoey;
			sourceTree = "<group>";
		};
		E08152FD1FE8613000A826D7 /* Supporting Files */ = {
			isa = PBXGroup;
			children = (
				E08152F01FE825CF00A826D7 /* Assets.xcassets */,
				E08152F21FE825CF00A826D7 /* LaunchScreen.storyboard */,
			);
			path = "Supporting Files";
			sourceTree = "<group>";
		};
		E08152FE1FE8614A00A826D7 /* Data Model */ = {
			isa = PBXGroup;
			children = (
				E0C9F6EB1FEC017A00E5C01B /* Item.swift */,
				E0C9F6ED1FEC018700E5C01B /* Category.swift */,
			);
			path = "Data Model";
			sourceTree = "<group>";
		};
		E08152FF1FE8615500A826D7 /* Controllers */ = {
			isa = PBXGroup;
			children = (
				E0C9F6E71FEABF8500E5C01B /* CategoryViewController.swift */,
				E08152EB1FE825CF00A826D7 /* TodoListViewController.swift */,
			);
			path = Controllers;
			sourceTree = "<group>";
		};
		E08153001FE8616100A826D7 /* View */ = {
			isa = PBXGroup;
			children = (
				E08152ED1FE825CF00A826D7 /* Main.storyboard */,
			);
			path = View;
			sourceTree = "<group>";
		};
/* End PBXGroup section */

/* Begin PBXNativeTarget section */
		E08152E51FE825CF00A826D7 /* Todoey */ = {
			isa = PBXNativeTarget;
			buildConfigurationList = E08152F81FE825CF00A826D7 /* Build configuration list for PBXNativeTarget "Todoey" */;
			buildPhases = (
				65AC8A41E35CE2DA5BF7D084 /* [CP] Check Pods Manifest.lock */,
				E08152E21FE825CF00A826D7 /* Sources */,
				E08152E31FE825CF00A826D7 /* Frameworks */,
				E08152E41FE825CF00A826D7 /* Resources */,
				20DC9646E3D39360E0582DFF /* [CP] Embed Pods Frameworks */,
				A915F44A0BB55E0067C8AF11 /* [CP] Copy Pods Resources */,
			);
			buildRules = (
			);
			dependencies = (
			);
			name = Todoey;
			productName = Todoey;
			productReference = E08152E61FE825CF00A826D7 /* Todoey.app */;
			productType = "com.apple.product-type.application";
		};
/* End PBXNativeTarget section */

/* Begin PBXProject section */
		E08152DE1FE825CF00A826D7 /* Project object */ = {
			isa = PBXProject;
			attributes = {
				LastSwiftUpdateCheck = 0910;
				LastUpgradeCheck = 0910;
				ORGANIZATIONNAME = PolinaFiksson;
				TargetAttributes = {
					E08152E51FE825CF00A826D7 = {
						CreatedOnToolsVersion = 9.1;
						ProvisioningStyle = Automatic;
					};
				};
			};
			buildConfigurationList = E08152E11FE825CF00A826D7 /* Build configuration list for PBXProject "Todoey" */;
			compatibilityVersion = "Xcode 8.0";
			developmentRegion = en;
			hasScannedForEncodings = 0;
			knownRegions = (
				en,
				Base,
			);
			mainGroup = E08152DD1FE825CF00A826D7;
			productRefGroup = E08152E71FE825CF00A826D7 /* Products */;
			projectDirPath = "";
			projectRoot = "";
			targets = (
				E08152E51FE825CF00A826D7 /* Todoey */,
			);
		};
/* End PBXProject section */

/* Begin PBXResourcesBuildPhase section */
		E08152E41FE825CF00A826D7 /* Resources */ = {
			isa = PBXResourcesBuildPhase;
			buildActionMask = 2147483647;
			files = (
				E08152F41FE825CF00A826D7 /* LaunchScreen.storyboard in Resources */,
				E08152F11FE825CF00A826D7 /* Assets.xcassets in Resources */,
				E08152EF1FE825CF00A826D7 /* Main.storyboard in Resources */,
			);
			runOnlyForDeploymentPostprocessing = 0;
		};
/* End PBXResourcesBuildPhase section */

/* Begin PBXShellScriptBuildPhase section */
		20DC9646E3D39360E0582DFF /* [CP] Embed Pods Frameworks */ = {
			isa = PBXShellScriptBuildPhase;
			buildActionMask = 2147483647;
			files = (
			);
			inputPaths = (
				"${SRCROOT}/Pods/Target Support Files/Pods-Todoey/Pods-Todoey-frameworks.sh",
				"${BUILT_PRODUCTS_DIR}/Realm/Realm.framework",
				"${BUILT_PRODUCTS_DIR}/RealmSwift/RealmSwift.framework",
			);
			name = "[CP] Embed Pods Frameworks";
			outputPaths = (
				"${TARGET_BUILD_DIR}/${FRAMEWORKS_FOLDER_PATH}/Realm.framework",
				"${TARGET_BUILD_DIR}/${FRAMEWORKS_FOLDER_PATH}/RealmSwift.framework",
			);
			runOnlyForDeploymentPostprocessing = 0;
			shellPath = /bin/sh;
			shellScript = "\"${SRCROOT}/Pods/Target Support Files/Pods-Todoey/Pods-Todoey-frameworks.sh\"\n";
			showEnvVarsInLog = 0;
		};
		65AC8A41E35CE2DA5BF7D084 /* [CP] Check Pods Manifest.lock */ = {
			isa = PBXShellScriptBuildPhase;
			buildActionMask = 2147483647;
			files = (
			);
			inputPaths = (
				"${PODS_PODFILE_DIR_PATH}/Podfile.lock",
				"${PODS_ROOT}/Manifest.lock",
			);
			name = "[CP] Check Pods Manifest.lock";
			outputPaths = (
				"$(DERIVED_FILE_DIR)/Pods-Todoey-checkManifestLockResult.txt",
			);
			runOnlyForDeploymentPostprocessing = 0;
			shellPath = /bin/sh;
			shellScript = "diff \"${PODS_PODFILE_DIR_PATH}/Podfile.lock\" \"${PODS_ROOT}/Manifest.lock\" > /dev/null\nif [ $? != 0 ] ; then\n    # print error to STDERR\n    echo \"error: The sandbox is not in sync with the Podfile.lock. Run 'pod install' or update your CocoaPods installation.\" >&2\n    exit 1\nfi\n# This output is used by Xcode 'outputs' to avoid re-running this script phase.\necho \"SUCCESS\" > \"${SCRIPT_OUTPUT_FILE_0}\"\n";
			showEnvVarsInLog = 0;
		};
		A915F44A0BB55E0067C8AF11 /* [CP] Copy Pods Resources */ = {
			isa = PBXShellScriptBuildPhase;
			buildActionMask = 2147483647;
			files = (
			);
			inputPaths = (
			);
			name = "[CP] Copy Pods Resources";
			outputPaths = (
			);
			runOnlyForDeploymentPostprocessing = 0;
			shellPath = /bin/sh;
			shellScript = "\"${SRCROOT}/Pods/Target Support Files/Pods-Todoey/Pods-Todoey-resources.sh\"\n";
			showEnvVarsInLog = 0;
		};
/* End PBXShellScriptBuildPhase section */

/* Begin PBXSourcesBuildPhase section */
		E08152E21FE825CF00A826D7 /* Sources */ = {
			isa = PBXSourcesBuildPhase;
			buildActionMask = 2147483647;
			files = (
				E0C9F6EC1FEC017A00E5C01B /* Item.swift in Sources */,
				E0C9F6E81FEABF8500E5C01B /* CategoryViewController.swift in Sources */,
				E08152EC1FE825CF00A826D7 /* TodoListViewController.swift in Sources */,
				E08152EA1FE825CF00A826D7 /* AppDelegate.swift in Sources */,
				E0C9F6EE1FEC018700E5C01B /* Category.swift in Sources */,
			);
			runOnlyForDeploymentPostprocessing = 0;
		};
/* End PBXSourcesBuildPhase section */

/* Begin PBXVariantGroup section */
		E08152ED1FE825CF00A826D7 /* Main.storyboard */ = {
			isa = PBXVariantGroup;
			children = (
				E08152EE1FE825CF00A826D7 /* Base */,
			);
			name = Main.storyboard;
			sourceTree = "<group>";
		};
		E08152F21FE825CF00A826D7 /* LaunchScreen.storyboard */ = {
			isa = PBXVariantGroup;
			children = (
				E08152F31FE825CF00A826D7 /* Base */,
			);
			name = LaunchScreen.storyboard;
			sourceTree = "<group>";
		};
/* End PBXVariantGroup section */

/* Begin XCBuildConfiguration section */
		E08152F61FE825CF00A826D7 /* Debug */ = {
			isa = XCBuildConfiguration;
			buildSettings = {
				ALWAYS_SEARCH_USER_PATHS = NO;
				CLANG_ANALYZER_NONNULL = YES;
				CLANG_ANALYZER_NUMBER_OBJECT_CONVERSION = YES_AGGRESSIVE;
				CLANG_CXX_LANGUAGE_STANDARD = "gnu++14";
				CLANG_CXX_LIBRARY = "libc++";
				CLANG_ENABLE_MODULES = YES;
				CLANG_ENABLE_OBJC_ARC = YES;
				CLANG_WARN_BLOCK_CAPTURE_AUTORELEASING = YES;
				CLANG_WARN_BOOL_CONVERSION = YES;
				CLANG_WARN_COMMA = YES;
				CLANG_WARN_CONSTANT_CONVERSION = YES;
				CLANG_WARN_DIRECT_OBJC_ISA_USAGE = YES_ERROR;
				CLANG_WARN_DOCUMENTATION_COMMENTS = YES;
				CLANG_WARN_EMPTY_BODY = YES;
				CLANG_WARN_ENUM_CONVERSION = YES;
				CLANG_WARN_INFINITE_RECURSION = YES;
				CLANG_WARN_INT_CONVERSION = YES;
				CLANG_WARN_NON_LITERAL_NULL_CONVERSION = YES;
				CLANG_WARN_OBJC_LITERAL_CONVERSION = YES;
				CLANG_WARN_OBJC_ROOT_CLASS = YES_ERROR;
				CLANG_WARN_RANGE_LOOP_ANALYSIS = YES;
				CLANG_WARN_STRICT_PROTOTYPES = YES;
				CLANG_WARN_SUSPICIOUS_MOVE = YES;
				CLANG_WARN_UNGUARDED_AVAILABILITY = YES_AGGRESSIVE;
				CLANG_WARN_UNREACHABLE_CODE = YES;
				CLANG_WARN__DUPLICATE_METHOD_MATCH = YES;
				CODE_SIGN_IDENTITY = "iPhone Developer";
				COPY_PHASE_STRIP = NO;
				DEBUG_INFORMATION_FORMAT = dwarf;
				ENABLE_STRICT_OBJC_MSGSEND = YES;
				ENABLE_TESTABILITY = YES;
				GCC_C_LANGUAGE_STANDARD = gnu11;
				GCC_DYNAMIC_NO_PIC = NO;
				GCC_NO_COMMON_BLOCKS = YES;
				GCC_OPTIMIZATION_LEVEL = 0;
				GCC_PREPROCESSOR_DEFINITIONS = (
					"DEBUG=1",
					"$(inherited)",
				);
				GCC_WARN_64_TO_32_BIT_CONVERSION = YES;
				GCC_WARN_ABOUT_RETURN_TYPE = YES_ERROR;
				GCC_WARN_UNDECLARED_SELECTOR = YES;
				GCC_WARN_UNINITIALIZED_AUTOS = YES_AGGRESSIVE;
				GCC_WARN_UNUSED_FUNCTION = YES;
				GCC_WARN_UNUSED_VARIABLE = YES;
				IPHONEOS_DEPLOYMENT_TARGET = 11.1;
				MTL_ENABLE_DEBUG_INFO = YES;
				ONLY_ACTIVE_ARCH = YES;
				SDKROOT = iphoneos;
				SWIFT_ACTIVE_COMPILATION_CONDITIONS = DEBUG;
				SWIFT_OPTIMIZATION_LEVEL = "-Onone";
			};
			name = Debug;
		};
		E08152F71FE825CF00A826D7 /* Release */ = {
			isa = XCBuildConfiguration;
			buildSettings = {
				ALWAYS_SEARCH_USER_PATHS = NO;
				CLANG_ANALYZER_NONNULL = YES;
				CLANG_ANALYZER_NUMBER_OBJECT_CONVERSION = YES_AGGRESSIVE;
				CLANG_CXX_LANGUAGE_STANDARD = "gnu++14";
				CLANG_CXX_LIBRARY = "libc++";
				CLANG_ENABLE_MODULES = YES;
				CLANG_ENABLE_OBJC_ARC = YES;
				CLANG_WARN_BLOCK_CAPTURE_AUTORELEASING = YES;
				CLANG_WARN_BOOL_CONVERSION = YES;
				CLANG_WARN_COMMA = YES;
				CLANG_WARN_CONSTANT_CONVERSION = YES;
				CLANG_WARN_DIRECT_OBJC_ISA_USAGE = YES_ERROR;
				CLANG_WARN_DOCUMENTATION_COMMENTS = YES;
				CLANG_WARN_EMPTY_BODY = YES;
				CLANG_WARN_ENUM_CONVERSION = YES;
				CLANG_WARN_INFINITE_RECURSION = YES;
				CLANG_WARN_INT_CONVERSION = YES;
				CLANG_WARN_NON_LITERAL_NULL_CONVERSION = YES;
				CLANG_WARN_OBJC_LITERAL_CONVERSION = YES;
				CLANG_WARN_OBJC_ROOT_CLASS = YES_ERROR;
				CLANG_WARN_RANGE_LOOP_ANALYSIS = YES;
				CLANG_WARN_STRICT_PROTOTYPES = YES;
				CLANG_WARN_SUSPICIOUS_MOVE = YES;
				CLANG_WARN_UNGUARDED_AVAILABILITY = YES_AGGRESSIVE;
				CLANG_WARN_UNREACHABLE_CODE = YES;
				CLANG_WARN__DUPLICATE_METHOD_MATCH = YES;
				CODE_SIGN_IDENTITY = "iPhone Developer";
				COPY_PHASE_STRIP = NO;
				DEBUG_INFORMATION_FORMAT = "dwarf-with-dsym";
				ENABLE_NS_ASSERTIONS = NO;
				ENABLE_STRICT_OBJC_MSGSEND = YES;
				GCC_C_LANGUAGE_STANDARD = gnu11;
				GCC_NO_COMMON_BLOCKS = YES;
				GCC_WARN_64_TO_32_BIT_CONVERSION = YES;
				GCC_WARN_ABOUT_RETURN_TYPE = YES_ERROR;
				GCC_WARN_UNDECLARED_SELECTOR = YES;
				GCC_WARN_UNINITIALIZED_AUTOS = YES_AGGRESSIVE;
				GCC_WARN_UNUSED_FUNCTION = YES;
				GCC_WARN_UNUSED_VARIABLE = YES;
				IPHONEOS_DEPLOYMENT_TARGET = 11.1;
				MTL_ENABLE_DEBUG_INFO = NO;
				SDKROOT = iphoneos;
				SWIFT_OPTIMIZATION_LEVEL = "-Owholemodule";
				VALIDATE_PRODUCT = YES;
			};
			name = Release;
		};
		E08152F91FE825CF00A826D7 /* Debug */ = {
			isa = XCBuildConfiguration;
			baseConfigurationReference = E84EF5D07EC363698AC18638 /* Pods-Todoey.debug.xcconfig */;
			buildSettings = {
				ASSETCATALOG_COMPILER_APPICON_NAME = AppIcon;
				CODE_SIGN_STYLE = Automatic;
				DEVELOPMENT_TEAM = FD24RHDTN6;
				INFOPLIST_FILE = Todoey/Info.plist;
				LD_RUNPATH_SEARCH_PATHS = "$(inherited) @executable_path/Frameworks";
				PRODUCT_BUNDLE_IDENTIFIER = com.polinafiksson.Todoey;
				PRODUCT_NAME = "$(TARGET_NAME)";
				SWIFT_VERSION = 4.0;
				TARGETED_DEVICE_FAMILY = "1,2";
			};
			name = Debug;
		};
		E08152FA1FE825CF00A826D7 /* Release */ = {
			isa = XCBuildConfiguration;
			baseConfigurationReference = B9553B779CFE5E12D6B9F326 /* Pods-Todoey.release.xcconfig */;
			buildSettings = {
				ASSETCATALOG_COMPILER_APPICON_NAME = AppIcon;
				CODE_SIGN_STYLE = Automatic;
				DEVELOPMENT_TEAM = FD24RHDTN6;
				INFOPLIST_FILE = Todoey/Info.plist;
				LD_RUNPATH_SEARCH_PATHS = "$(inherited) @executable_path/Frameworks";
				PRODUCT_BUNDLE_IDENTIFIER = com.polinafiksson.Todoey;
				PRODUCT_NAME = "$(TARGET_NAME)";
				SWIFT_VERSION = 4.0;
				TARGETED_DEVICE_FAMILY = "1,2";
			};
			name = Release;
		};
/* End XCBuildConfiguration section */

/* Begin XCConfigurationList section */
		E08152E11FE825CF00A826D7 /* Build configuration list for PBXProject "Todoey" */ = {
			isa = XCConfigurationList;
			buildConfigurations = (
				E08152F61FE825CF00A826D7 /* Debug */,
				E08152F71FE825CF00A826D7 /* Release */,
			);
			defaultConfigurationIsVisible = 0;
			defaultConfigurationName = Release;
		};
		E08152F81FE825CF00A826D7 /* Build configuration list for PBXNativeTarget "Todoey" */ = {
			isa = XCConfigurationList;
			buildConfigurations = (
				E08152F91FE825CF00A826D7 /* Debug */,
				E08152FA1FE825CF00A826D7 /* Release */,
			);
			defaultConfigurationIsVisible = 0;
			defaultConfigurationName = Release;
		};
/* End XCConfigurationList section */
	};
	rootObject = E08152DE1FE825CF00A826D7 /* Project object */;
}
